PODS:
  - Crashlytics (3.11.0):
    - Fabric (~> 1.8.0)
  - DACircularProgress (2.3.1)
  - DZNEmptyDataSet (1.7.3)
  - Fabric (1.8.0)
  - Firebase/Auth (5.1.0):
    - Firebase/CoreOnly
    - FirebaseAuth (= 5.0.0)
  - Firebase/Core (5.1.0):
    - Firebase/CoreOnly
    - FirebaseAnalytics (= 5.0.1)
  - Firebase/CoreOnly (5.1.0):
    - FirebaseCore (= 5.0.2)
  - Firebase/Messaging (5.1.0):
    - Firebase/CoreOnly
    - FirebaseMessaging (= 3.0.1)
  - FirebaseAnalytics (5.0.1):
    - FirebaseCore (~> 5.0)
    - FirebaseInstanceID (~> 3.0)
    - "GoogleToolboxForMac/NSData+zlib (~> 2.1)"
    - nanopb (~> 0.3)
  - FirebaseAuth (5.0.0):
    - FirebaseCore (~> 5.0)
    - GTMSessionFetcher/Core (~> 1.1)
  - FirebaseCore (5.0.2):
    - "GoogleToolboxForMac/NSData+zlib (~> 2.1)"
  - FirebaseInstanceID (3.0.0):
    - FirebaseCore (~> 5.0)
  - FirebaseMessaging (3.0.1):
    - FirebaseCore (~> 5.0)
    - FirebaseInstanceID (~> 3.0)
    - GoogleToolboxForMac/Logger (~> 2.1)
    - Protobuf (~> 3.1)
  - FLAnimatedImage (1.0.12)
  - GoogleToolboxForMac/Defines (2.1.4)
  - GoogleToolboxForMac/Logger (2.1.4):
    - GoogleToolboxForMac/Defines (= 2.1.4)
  - "GoogleToolboxForMac/NSData+zlib (2.1.4)":
    - GoogleToolboxForMac/Defines (= 2.1.4)
  - GTMSessionFetcher/Core (1.1.15)
  - MBProgressHUD (0.9.2)
  - MWPhotoBrowser (2.1.2):
    - DACircularProgress (~> 2.3)
    - MBProgressHUD (~> 0.9)
    - "SDWebImage (!= 3.7.2, ~> 3.7)"
  - nanopb (0.3.8):
    - nanopb/decode (= 0.3.8)
    - nanopb/encode (= 0.3.8)
  - nanopb/decode (0.3.8)
  - nanopb/encode (0.3.8)
  - PINCache (3.0.1-beta.6):
    - PINCache/Arc-exception-safe (= 3.0.1-beta.6)
    - PINCache/Core (= 3.0.1-beta.6)
  - PINCache/Arc-exception-safe (3.0.1-beta.6):
    - PINCache/Core
  - PINCache/Core (3.0.1-beta.6):
    - PINOperation (~> 1.1.0)
  - PINOperation (1.1)
  - PINRemoteImage (3.0.0-beta.13):
    - PINRemoteImage/FLAnimatedImage (= 3.0.0-beta.13)
    - PINRemoteImage/PINCache (= 3.0.0-beta.13)
  - PINRemoteImage/Core (3.0.0-beta.13):
    - PINOperation
  - PINRemoteImage/FLAnimatedImage (3.0.0-beta.13):
    - FLAnimatedImage (>= 1.0)
    - PINRemoteImage/Core
  - PINRemoteImage/PINCache (3.0.0-beta.13):
    - PINCache (= 3.0.1-beta.6)
    - PINRemoteImage/Core
  - Protobuf (3.5.0)
  - RTViewAttachment (0.1.1)
  - SDWebImage (3.8.2):
    - SDWebImage/Core (= 3.8.2)
  - SDWebImage/Core (3.8.2)
  - Socket.IO-Client-Swift (13.1.1):
    - Starscream (~> 3.0.2)
  - Starscream (3.0.4)
  - TPKeyboardAvoiding (1.3.2)
  - TTTAttributedLabel (2.0.0)

DEPENDENCIES:
  - Crashlytics
  - DZNEmptyDataSet (= 1.7.3)
  - Fabric
  - Firebase/Auth
  - Firebase/Core
  - Firebase/Messaging
  - MWPhotoBrowser
  - PINRemoteImage (from `https://github.com/pinterest/PINRemoteImage.git`)
  - RTViewAttachment
  - SDWebImage
  - Socket.IO-Client-Swift
  - TPKeyboardAvoiding
  - TTTAttributedLabel

SPEC REPOS:
  https://github.com/cocoapods/specs.git:
    - Crashlytics
    - DACircularProgress
    - DZNEmptyDataSet
    - Fabric
    - Firebase
    - FirebaseAnalytics
    - FirebaseAuth
    - FirebaseCore
    - FirebaseInstanceID
    - FirebaseMessaging
    - FLAnimatedImage
    - GoogleToolboxForMac
    - GTMSessionFetcher
    - MBProgressHUD
    - MWPhotoBrowser
    - nanopb
    - PINCache
    - PINOperation
    - Protobuf
    - RTViewAttachment
    - SDWebImage
    - Socket.IO-Client-Swift
    - Starscream
    - TPKeyboardAvoiding
    - TTTAttributedLabel

EXTERNAL SOURCES:
  PINRemoteImage:
    :git: https://github.com/pinterest/PINRemoteImage.git

CHECKOUT OPTIONS:
  PINRemoteImage:
    :commit: db8d3326f48645c479e247d19fe645775ff4989e
    :git: https://github.com/pinterest/PINRemoteImage.git

SPEC CHECKSUMS:
  Crashlytics: 1448070c1d2731ab71ea7c3faf84ac0f69657287
  DACircularProgress: 4dd437c0fc3da5161cb289e07ac449493d41db71
  DZNEmptyDataSet: dd7cca17c1d07dfa78956859b1e70a52505678ef
  Fabric: 4ac1cdfef3004ccd83ce0959b91eda8a6e37df72
  Firebase: e08fb0795f35707aeb1d8a715c731c45bdf6fd56
  FirebaseAnalytics: b3628aea54c50464c32c393fb2ea032566e7ecc2
  FirebaseAuth: acbeef02fe7c3a26624e309849f3fe30c84115af
  FirebaseCore: b81044df1044c0857a0737c6324678b72d4f7f00
  FirebaseInstanceID: 83e0040351565df711a5db3d8ebe5ea21aca998a
  FirebaseMessaging: ec6fde5a77824c6da0218f9ca220feb251aa17d5
  FLAnimatedImage: 4a0b56255d9b05f18b6dd7ee06871be5d3b89e31
  GoogleToolboxForMac: 91c824d21e85b31c2aae9bb011c5027c9b4e738f
  GTMSessionFetcher: 5fa5b80fd20e439ef5f545fb2cb3ca6c6714caa2
  MBProgressHUD: 1569cf7ace17a8bac47aabfbb8580a49690386d1
  MWPhotoBrowser: 5836d7aa041dc05a13de380c246826578adc5ea5
  nanopb: 5601e6bca2dbf1ed831b519092ec110f66982ca3
  PINCache: d195fdba255283f7e9900a55e3cced377f431f9b
  PINOperation: 7f042fa6df5b606deb4bd5997654cf7033d5be1d
  PINRemoteImage: 7a7eb447f2ea4d3223b050d909505a942290269e
  Protobuf: 8a9838fba8dae3389230e1b7f8c104aa32389c03
  RTViewAttachment: d5000343777e60cc77202f7279873134e3233d89
  SDWebImage: 098e97e6176540799c27e804c96653ee0833d13c
  Socket.IO-Client-Swift: f22222913f29801e30ae0df712db663ec096edc2
  Starscream: f5da93fe6984c77b694366bf7299b7dc63a76f26
  TPKeyboardAvoiding: cb69d5ddbe90ce0170e4bc2db1e5e41d4a3ad9a4
  TTTAttributedLabel: 8cffe8e127e4e82ff3af1e5386d4cd0ad000b656

PODFILE CHECKSUM: b22b58e146e439b28a1773f768bab6ba989e83f0

COCOAPODS: 1.5.3
